
Microsoft Visual Studio Solution File, Format Version 12.00
# Visual Studio Version 17
VisualStudioVersion = 17.3.32929.385
MinimumVisualStudioVersion = 10.0.40219.1
Project("{FAE04EC0-301F-11D3-BF4B-00C04F79EFBC}") = "DotNetCore_AWS_Demo", "DotNetCore_AWS_Demo\DotNetCore_AWS_Demo.csproj", "{AF90DDBD-AD21-48AD-A594-D72BE9BCC8D6}"
EndProject
Global
	GlobalSection(SolutionConfigurationPlatforms) = preSolution
		Debug|Any CPU = Debug|Any CPU
		Release|Any CPU = Release|Any CPU
	EndGlobalSection
	GlobalSection(ProjectConfigurationPlatforms) = postSolution
		{AF90DDBD-AD21-48AD-A594-D72BE9BCC8D6}.Debug|Any CPU.ActiveCfg = Debug|Any CPU
		{AF90DDBD-AD21-48AD-A594-D72BE9BCC8D6}.Debug|Any CPU.Build.0 = Debug|Any CPU
		{AF90DDBD-AD21-48AD-A594-D72BE9BCC8D6}.Release|Any CPU.ActiveCfg = Release|Any CPU
		{AF90DDBD-AD21-48AD-A594-D72BE9BCC8D6}.Release|Any CPU.Build.0 = Release|Any CPU
	EndGlobalSection
	GlobalSection(SolutionProperties) = preSolution
		HideSolutionNode = FALSE
	EndGlobalSection
	GlobalSection(ExtensibilityGlobals) = postSolution
		SolutionGuid = {938A8025-508E-43EC-8AE1-12CC92CCF4BE}
	EndGlobalSection
EndGlobal
